# This file is automatically @generated by Poetry 1.8.3 and should not be changed by hand.

[[package]]
name = "antlr4-python3-runtime"
version = "4.13.1"
description = "ANTLR 4.13.1 runtime for Python 3"
optional = false
python-versions = "*"
files = [
    {file = "antlr4-python3-runtime-4.13.1.tar.gz", hash = "sha256:3cd282f5ea7cfb841537fe01f143350fdb1c0b1ce7981443a2fa8513fddb6d1a"},
    {file = "antlr4_python3_runtime-4.13.1-py3-none-any.whl", hash = "sha256:78ec57aad12c97ac039ca27403ad61cb98aaec8a3f9bb8144f889aa0fa28b943"},
]

[metadata]
lock-version = "2.0"
python-versions = "^3.10"
content-hash = "8040b0ff79395d5ca70246de6e0b72603563c25489949d30a0d8b558063209be"
